// !$*UTF8*$!
{
	archiveVersion = 1;
	classes = {
	};
	objectVersion = 56;
	objects = {

/* Begin PBXBuildFile section */
		1325298E2AACEF260002CE93 /* background_gif.gif in Resources */ = {isa = PBXBuildFile; fileRef = 1325298D2AACEF260002CE93 /* background_gif.gif */; };
		1326E7862ACA35C400504BF8 /* text.swift in Sources */ = {isa = PBXBuildFile; fileRef = 1326E7852ACA35C400504BF8 /* text.swift */; };
		1326E7882ACA9ABB00504BF8 /* Fetch3DayGeomagneticForecast.swift in Sources */ = {isa = PBXBuildFile; fileRef = 1326E7872ACA9ABB00504BF8 /* Fetch3DayGeomagneticForecast.swift */; };
		1326E78A2ACABE3700504BF8 /* Fetch3DayModels.swift in Sources */ = {isa = PBXBuildFile; fileRef = 1326E7892ACABE3700504BF8 /* Fetch3DayModels.swift */; };
		13449AAE2AA2965000C858BF /* AppDelegate.swift in Sources */ = {isa = PBXBuildFile; fileRef = 13449AAD2AA2965000C858BF /* AppDelegate.swift */; };
		13449AB02AA2965000C858BF /* SceneDelegate.swift in Sources */ = {isa = PBXBuildFile; fileRef = 13449AAF2AA2965000C858BF /* SceneDelegate.swift */; };
		13449AB22AA2965000C858BF /* MainViewController.swift in Sources */ = {isa = PBXBuildFile; fileRef = 13449AB12AA2965000C858BF /* MainViewController.swift */; };
		13449AB82AA2965000C858BF /* MagnetStorm.xcdatamodeld in Sources */ = {isa = PBXBuildFile; fileRef = 13449AB62AA2965000C858BF /* MagnetStorm.xcdatamodeld */; };
		13449ABA2AA2965100C858BF /* Assets.xcassets in Resources */ = {isa = PBXBuildFile; fileRef = 13449AB92AA2965100C858BF /* Assets.xcassets */; };
		13449AC82AA2965100C858BF /* MagnetStormTests.swift in Sources */ = {isa = PBXBuildFile; fileRef = 13449AC72AA2965100C858BF /* MagnetStormTests.swift */; };
		13449AD22AA2965100C858BF /* MagnetStormUITests.swift in Sources */ = {isa = PBXBuildFile; fileRef = 13449AD12AA2965100C858BF /* MagnetStormUITests.swift */; };
		13449AD42AA2965100C858BF /* MagnetStormUITestsLaunchTests.swift in Sources */ = {isa = PBXBuildFile; fileRef = 13449AD32AA2965100C858BF /* MagnetStormUITestsLaunchTests.swift */; };
		1353372E2AACF9DF001261E5 /* GeomagneticActivityState.swift in Sources */ = {isa = PBXBuildFile; fileRef = 1353372D2AACF9DF001261E5 /* GeomagneticActivityState.swift */; };
		136211AE2AA29A97005A4AE2 /* MagneticManager.swift in Sources */ = {isa = PBXBuildFile; fileRef = 136211AD2AA29A97005A4AE2 /* MagneticManager.swift */; };
		136211B02AA29EAF005A4AE2 /* MagneticModels.swift in Sources */ = {isa = PBXBuildFile; fileRef = 136211AF2AA29EAF005A4AE2 /* MagneticModels.swift */; };
		137097402ACA1A9300EE4538 /* InfoTableViewCell.swift in Sources */ = {isa = PBXBuildFile; fileRef = 1370973F2ACA1A9300EE4538 /* InfoTableViewCell.swift */; };
		13A09F402AC9ECF8003858A1 /* InfoViewController.swift in Sources */ = {isa = PBXBuildFile; fileRef = 13A09F3F2AC9ECF8003858A1 /* InfoViewController.swift */; };
		13AA214D2AA5C629006DAB56 /* SFUIText-Regular.ttf in Resources */ = {isa = PBXBuildFile; fileRef = 13AA21482AA5C629006DAB56 /* SFUIText-Regular.ttf */; };
		13AA214E2AA5C629006DAB56 /* SFUIText-Bold.ttf in Resources */ = {isa = PBXBuildFile; fileRef = 13AA21492AA5C629006DAB56 /* SFUIText-Bold.ttf */; };
		13AA214F2AA5C629006DAB56 /* SFUIText-Light.ttf in Resources */ = {isa = PBXBuildFile; fileRef = 13AA214A2AA5C629006DAB56 /* SFUIText-Light.ttf */; };
		13AA21502AA5C629006DAB56 /* SFUIText-Heavy.ttf in Resources */ = {isa = PBXBuildFile; fileRef = 13AA214B2AA5C629006DAB56 /* SFUIText-Heavy.ttf */; };
		13AA21512AA5C629006DAB56 /* SFUIText-Medium.ttf in Resources */ = {isa = PBXBuildFile; fileRef = 13AA214C2AA5C629006DAB56 /* SFUIText-Medium.ttf */; };
		13AA21532AA5D130006DAB56 /* CustomFonts.swift in Sources */ = {isa = PBXBuildFile; fileRef = 13AA21522AA5D130006DAB56 /* CustomFonts.swift */; };
		13CB67C82AC77275001C6270 /* InfoPlist.strings in Resources */ = {isa = PBXBuildFile; fileRef = 13CB67CA2AC77275001C6270 /* InfoPlist.strings */; };
		13E3CC9C2AB301D600C14F39 /* Extension + String.swift in Sources */ = {isa = PBXBuildFile; fileRef = 13E3CC9B2AB301D600C14F39 /* Extension + String.swift */; };
		13E3CC9F2AB302ED00C14F39 /* Localizable.strings in Resources */ = {isa = PBXBuildFile; fileRef = 13E3CCA12AB302ED00C14F39 /* Localizable.strings */; };
		921C885F0D7ECE75770D50E5 /* Pods_MagnetStorm_MagnetStormUITests.framework in Frameworks */ = {isa = PBXBuildFile; fileRef = B386282E1553463722EF87A1 /* Pods_MagnetStorm_MagnetStormUITests.framework */; };
		B8041CF5FDD322B41C1282F8 /* Pods_MagnetStormTests.framework in Frameworks */ = {isa = PBXBuildFile; fileRef = D6EFA7D8B6AF4A8E78CBC25D /* Pods_MagnetStormTests.framework */; };
		D5BE40A3755523CAA47C3A5A /* Pods_MagnetStorm.framework in Frameworks */ = {isa = PBXBuildFile; fileRef = 9E059D9BEDB1AF6AEA6D035D /* Pods_MagnetStorm.framework */; };
/* End PBXBuildFile section */

/* Begin PBXContainerItemProxy section */
		13449AC42AA2965100C858BF /* PBXContainerItemProxy */ = {
			isa = PBXContainerItemProxy;
			containerPortal = 13449AA22AA2965000C858BF /* Project object */;
			proxyType = 1;
			remoteGlobalIDString = 13449AA92AA2965000C858BF;
			remoteInfo = MagnetStorm;
		};
		13449ACE2AA2965100C858BF /* PBXContainerItemProxy */ = {
			isa = PBXContainerItemProxy;
			containerPortal = 13449AA22AA2965000C858BF /* Project object */;
			proxyType = 1;
			remoteGlobalIDString = 13449AA92AA2965000C858BF;
			remoteInfo = MagnetStorm;
		};
/* End PBXContainerItemProxy section */

/* Begin PBXFileReference section */
		1325298D2AACEF260002CE93 /* background_gif.gif */ = {isa = PBXFileReference; lastKnownFileType = image.gif; path = background_gif.gif; sourceTree = "<group>"; };
		1326E7852ACA35C400504BF8 /* text.swift */ = {isa = PBXFileReference; lastKnownFileType = sourcecode.swift; path = text.swift; sourceTree = "<group>"; };
		1326E7872ACA9ABB00504BF8 /* Fetch3DayGeomagneticForecast.swift */ = {isa = PBXFileReference; lastKnownFileType = sourcecode.swift; path = Fetch3DayGeomagneticForecast.swift; sourceTree = "<group>"; };
		1326E7892ACABE3700504BF8 /* Fetch3DayModels.swift */ = {isa = PBXFileReference; lastKnownFileType = sourcecode.swift; path = Fetch3DayModels.swift; sourceTree = "<group>"; };
		13449AAA2AA2965000C858BF /* MagnetStorm.app */ = {isa = PBXFileReference; explicitFileType = wrapper.application; includeInIndex = 0; path = MagnetStorm.app; sourceTree = BUILT_PRODUCTS_DIR; };
		13449AAD2AA2965000C858BF /* AppDelegate.swift */ = {isa = PBXFileReference; lastKnownFileType = sourcecode.swift; path = AppDelegate.swift; sourceTree = "<group>"; };
		13449AAF2AA2965000C858BF /* SceneDelegate.swift */ = {isa = PBXFileReference; lastKnownFileType = sourcecode.swift; path = SceneDelegate.swift; sourceTree = "<group>"; };
		13449AB12AA2965000C858BF /* MainViewController.swift */ = {isa = PBXFileReference; lastKnownFileType = sourcecode.swift; path = MainViewController.swift; sourceTree = "<group>"; };
		13449AB72AA2965000C858BF /* MagnetStorm.xcdatamodel */ = {isa = PBXFileReference; lastKnownFileType = wrapper.xcdatamodel; path = MagnetStorm.xcdatamodel; sourceTree = "<group>"; };
		13449AB92AA2965100C858BF /* Assets.xcassets */ = {isa = PBXFileReference; lastKnownFileType = folder.assetcatalog; path = Assets.xcassets; sourceTree = "<group>"; };
		13449ABE2AA2965100C858BF /* Info.plist */ = {isa = PBXFileReference; lastKnownFileType = text.plist.xml; path = Info.plist; sourceTree = "<group>"; };
		13449AC32AA2965100C858BF /* MagnetStormTests.xctest */ = {isa = PBXFileReference; explicitFileType = wrapper.cfbundle; includeInIndex = 0; path = MagnetStormTests.xctest; sourceTree = BUILT_PRODUCTS_DIR; };
		13449AC72AA2965100C858BF /* MagnetStormTests.swift */ = {isa = PBXFileReference; lastKnownFileType = sourcecode.swift; path = MagnetStormTests.swift; sourceTree = "<group>"; };
		13449ACD2AA2965100C858BF /* MagnetStormUITests.xctest */ = {isa = PBXFileReference; explicitFileType = wrapper.cfbundle; includeInIndex = 0; path = MagnetStormUITests.xctest; sourceTree = BUILT_PRODUCTS_DIR; };
		13449AD12AA2965100C858BF /* MagnetStormUITests.swift */ = {isa = PBXFileReference; lastKnownFileType = sourcecode.swift; path = MagnetStormUITests.swift; sourceTree = "<group>"; };
		13449AD32AA2965100C858BF /* MagnetStormUITestsLaunchTests.swift */ = {isa = PBXFileReference; lastKnownFileType = sourcecode.swift; path = MagnetStormUITestsLaunchTests.swift; sourceTree = "<group>"; };
		1353372D2AACF9DF001261E5 /* GeomagneticActivityState.swift */ = {isa = PBXFileReference; lastKnownFileType = sourcecode.swift; path = GeomagneticActivityState.swift; sourceTree = "<group>"; };
		136211AD2AA29A97005A4AE2 /* MagneticManager.swift */ = {isa = PBXFileReference; lastKnownFileType = sourcecode.swift; path = MagneticManager.swift; sourceTree = "<group>"; };
		136211AF2AA29EAF005A4AE2 /* MagneticModels.swift */ = {isa = PBXFileReference; lastKnownFileType = sourcecode.swift; path = MagneticModels.swift; sourceTree = "<group>"; };
		1370973F2ACA1A9300EE4538 /* InfoTableViewCell.swift */ = {isa = PBXFileReference; lastKnownFileType = sourcecode.swift; path = InfoTableViewCell.swift; sourceTree = "<group>"; };
		13A09F3F2AC9ECF8003858A1 /* InfoViewController.swift */ = {isa = PBXFileReference; lastKnownFileType = sourcecode.swift; path = InfoViewController.swift; sourceTree = "<group>"; };
		13AA21482AA5C629006DAB56 /* SFUIText-Regular.ttf */ = {isa = PBXFileReference; lastKnownFileType = file; path = "SFUIText-Regular.ttf"; sourceTree = "<group>"; };
		13AA21492AA5C629006DAB56 /* SFUIText-Bold.ttf */ = {isa = PBXFileReference; lastKnownFileType = file; path = "SFUIText-Bold.ttf"; sourceTree = "<group>"; };
		13AA214A2AA5C629006DAB56 /* SFUIText-Light.ttf */ = {isa = PBXFileReference; lastKnownFileType = file; path = "SFUIText-Light.ttf"; sourceTree = "<group>"; };
		13AA214B2AA5C629006DAB56 /* SFUIText-Heavy.ttf */ = {isa = PBXFileReference; lastKnownFileType = file; path = "SFUIText-Heavy.ttf"; sourceTree = "<group>"; };
		13AA214C2AA5C629006DAB56 /* SFUIText-Medium.ttf */ = {isa = PBXFileReference; lastKnownFileType = file; path = "SFUIText-Medium.ttf"; sourceTree = "<group>"; };
		13AA21522AA5D130006DAB56 /* CustomFonts.swift */ = {isa = PBXFileReference; lastKnownFileType = sourcecode.swift; path = CustomFonts.swift; sourceTree = "<group>"; };
		13CB67C92AC77275001C6270 /* en */ = {isa = PBXFileReference; lastKnownFileType = text.plist.strings; name = en; path = en.lproj/InfoPlist.strings; sourceTree = "<group>"; };
		13CB67CB2AC7727B001C6270 /* ru */ = {isa = PBXFileReference; lastKnownFileType = text.plist.strings; name = ru; path = ru.lproj/InfoPlist.strings; sourceTree = "<group>"; };
		13CB67CC2AC7727B001C6270 /* uk */ = {isa = PBXFileReference; lastKnownFileType = text.plist.strings; name = uk; path = uk.lproj/InfoPlist.strings; sourceTree = "<group>"; };
		13E3CC9B2AB301D600C14F39 /* Extension + String.swift */ = {isa = PBXFileReference; lastKnownFileType = sourcecode.swift; path = "Extension + String.swift"; sourceTree = "<group>"; };
		13E3CCA02AB302ED00C14F39 /* ru */ = {isa = PBXFileReference; lastKnownFileType = text.plist.strings; name = ru; path = ru.lproj/Localizable.strings; sourceTree = "<group>"; };
		13E3CCA22AB3030C00C14F39 /* en */ = {isa = PBXFileReference; lastKnownFileType = text.plist.strings; name = en; path = en.lproj/Localizable.strings; sourceTree = "<group>"; };
		13E3CCA32AB3031300C14F39 /* uk */ = {isa = PBXFileReference; lastKnownFileType = text.plist.strings; name = uk; path = uk.lproj/Localizable.strings; sourceTree = "<group>"; };
		2EF260427245B0423096C949 /* Pods-MagnetStorm.debug.xcconfig */ = {isa = PBXFileReference; includeInIndex = 1; lastKnownFileType = text.xcconfig; name = "Pods-MagnetStorm.debug.xcconfig"; path = "Target Support Files/Pods-MagnetStorm/Pods-MagnetStorm.debug.xcconfig"; sourceTree = "<group>"; };
		5F19980199D342412AA42408 /* Pods-MagnetStorm.release.xcconfig */ = {isa = PBXFileReference; includeInIndex = 1; lastKnownFileType = text.xcconfig; name = "Pods-MagnetStorm.release.xcconfig"; path = "Target Support Files/Pods-MagnetStorm/Pods-MagnetStorm.release.xcconfig"; sourceTree = "<group>"; };
		81D6D7EED3B736B46BD6D3EC /* Pods-MagnetStormTests.debug.xcconfig */ = {isa = PBXFileReference; includeInIndex = 1; lastKnownFileType = text.xcconfig; name = "Pods-MagnetStormTests.debug.xcconfig"; path = "Target Support Files/Pods-MagnetStormTests/Pods-MagnetStormTests.debug.xcconfig"; sourceTree = "<group>"; };
		8D5408EBFE993C51C86C8BDA /* Pods-MagnetStorm-MagnetStormUITests.debug.xcconfig */ = {isa = PBXFileReference; includeInIndex = 1; lastKnownFileType = text.xcconfig; name = "Pods-MagnetStorm-MagnetStormUITests.debug.xcconfig"; path = "Target Support Files/Pods-MagnetStorm-MagnetStormUITests/Pods-MagnetStorm-MagnetStormUITests.debug.xcconfig"; sourceTree = "<group>"; };
		9E059D9BEDB1AF6AEA6D035D /* Pods_MagnetStorm.framework */ = {isa = PBXFileReference; explicitFileType = wrapper.framework; includeInIndex = 0; path = Pods_MagnetStorm.framework; sourceTree = BUILT_PRODUCTS_DIR; };
		B386282E1553463722EF87A1 /* Pods_MagnetStorm_MagnetStormUITests.framework */ = {isa = PBXFileReference; explicitFileType = wrapper.framework; includeInIndex = 0; path = Pods_MagnetStorm_MagnetStormUITests.framework; sourceTree = BUILT_PRODUCTS_DIR; };
		D6EFA7D8B6AF4A8E78CBC25D /* Pods_MagnetStormTests.framework */ = {isa = PBXFileReference; explicitFileType = wrapper.framework; includeInIndex = 0; path = Pods_MagnetStormTests.framework; sourceTree = BUILT_PRODUCTS_DIR; };
		E3181A3746BCDBC62790A2A2 /* Pods-MagnetStormTests.release.xcconfig */ = {isa = PBXFileReference; includeInIndex = 1; lastKnownFileType = text.xcconfig; name = "Pods-MagnetStormTests.release.xcconfig"; path = "Target Support Files/Pods-MagnetStormTests/Pods-MagnetStormTests.release.xcconfig"; sourceTree = "<group>"; };
		F71B4ED253FD970D50C2575B /* Pods-MagnetStorm-MagnetStormUITests.release.xcconfig */ = {isa = PBXFileReference; includeInIndex = 1; lastKnownFileType = text.xcconfig; name = "Pods-MagnetStorm-MagnetStormUITests.release.xcconfig"; path = "Target Support Files/Pods-MagnetStorm-MagnetStormUITests/Pods-MagnetStorm-MagnetStormUITests.release.xcconfig"; sourceTree = "<group>"; };
/* End PBXFileReference section */

/* Begin PBXFrameworksBuildPhase section */
		13449AA72AA2965000C858BF /* Frameworks */ = {
			isa = PBXFrameworksBuildPhase;
			buildActionMask = 2147483647;
			files = (
				D5BE40A3755523CAA47C3A5A /* Pods_MagnetStorm.framework in Frameworks */,
			);
			runOnlyForDeploymentPostprocessing = 0;
		};
		13449AC02AA2965100C858BF /* Frameworks */ = {
			isa = PBXFrameworksBuildPhase;
			buildActionMask = 2147483647;
			files = (
				B8041CF5FDD322B41C1282F8 /* Pods_MagnetStormTests.framework in Frameworks */,
			);
			runOnlyForDeploymentPostprocessing = 0;
		};
		13449ACA2AA2965100C858BF /* Frameworks */ = {
			isa = PBXFrameworksBuildPhase;
			buildActionMask = 2147483647;
			files = (
				921C885F0D7ECE75770D50E5 /* Pods_MagnetStorm_MagnetStormUITests.framework in Frameworks */,
			);
			runOnlyForDeploymentPostprocessing = 0;
		};
/* End PBXFrameworksBuildPhase section */

/* Begin PBXGroup section */
		13449AA12AA2965000C858BF = {
			isa = PBXGroup;
			children = (
				13449AAC2AA2965000C858BF /* MagnetStorm */,
				13449AC62AA2965100C858BF /* MagnetStormTests */,
				13449AD02AA2965100C858BF /* MagnetStormUITests */,
				13449AAB2AA2965000C858BF /* Products */,
				7972C42B075CA8B5320539AE /* Pods */,
				2DEBA554ACE0125C44F09EB0 /* Frameworks */,
			);
			sourceTree = "<group>";
		};
		13449AAB2AA2965000C858BF /* Products */ = {
			isa = PBXGroup;
			children = (
				13449AAA2AA2965000C858BF /* MagnetStorm.app */,
				13449AC32AA2965100C858BF /* MagnetStormTests.xctest */,
				13449ACD2AA2965100C858BF /* MagnetStormUITests.xctest */,
			);
			name = Products;
			sourceTree = "<group>";
		};
		13449AAC2AA2965000C858BF /* MagnetStorm */ = {
			isa = PBXGroup;
			children = (
				13E3CC9A2AB301C200C14F39 /* Localizable */,
				13449AE02AA296B800C858BF /* Controllers */,
				13449AE42AA296F200C858BF /* Views */,
				13449AE32AA296E900C858BF /* Models */,
				13449AE22AA296E100C858BF /* Managers */,
				13449AE12AA296C700C858BF /* Application */,
				13449AE52AA296FA00C858BF /* Resources */,
			);
			path = MagnetStorm;
			sourceTree = "<group>";
		};
		13449AC62AA2965100C858BF /* MagnetStormTests */ = {
			isa = PBXGroup;
			children = (
				13449AC72AA2965100C858BF /* MagnetStormTests.swift */,
			);
			path = MagnetStormTests;
			sourceTree = "<group>";
		};
		13449AD02AA2965100C858BF /* MagnetStormUITests */ = {
			isa = PBXGroup;
			children = (
				13449AD12AA2965100C858BF /* MagnetStormUITests.swift */,
				13449AD32AA2965100C858BF /* MagnetStormUITestsLaunchTests.swift */,
			);
			path = MagnetStormUITests;
			sourceTree = "<group>";
		};
		13449AE02AA296B800C858BF /* Controllers */ = {
			isa = PBXGroup;
			children = (
				13449AB12AA2965000C858BF /* MainViewController.swift */,
				13A09F3F2AC9ECF8003858A1 /* InfoViewController.swift */,
				1326E7852ACA35C400504BF8 /* text.swift */,
			);
			path = Controllers;
			sourceTree = "<group>";
		};
		13449AE12AA296C700C858BF /* Application */ = {
			isa = PBXGroup;
			children = (
				13449AAD2AA2965000C858BF /* AppDelegate.swift */,
				13449AAF2AA2965000C858BF /* SceneDelegate.swift */,
			);
			path = Application;
			sourceTree = "<group>";
		};
		13449AE22AA296E100C858BF /* Managers */ = {
			isa = PBXGroup;
			children = (
				136211AD2AA29A97005A4AE2 /* MagneticManager.swift */,
				1326E7872ACA9ABB00504BF8 /* Fetch3DayGeomagneticForecast.swift */,
			);
			path = Managers;
			sourceTree = "<group>";
		};
		13449AE32AA296E900C858BF /* Models */ = {
			isa = PBXGroup;
			children = (
				136211AF2AA29EAF005A4AE2 /* MagneticModels.swift */,
				1326E7892ACABE3700504BF8 /* Fetch3DayModels.swift */,
			);
			path = Models;
			sourceTree = "<group>";
		};
		13449AE42AA296F200C858BF /* Views */ = {
			isa = PBXGroup;
			children = (
				1353372D2AACF9DF001261E5 /* GeomagneticActivityState.swift */,
				1370973F2ACA1A9300EE4538 /* InfoTableViewCell.swift */,
			);
			path = Views;
			sourceTree = "<group>";
		};
		13449AE52AA296FA00C858BF /* Resources */ = {
			isa = PBXGroup;
			children = (
				13AA21542AA5D1CF006DAB56 /* Video */,
				13AA21472AA5C609006DAB56 /* Fonts */,
				13449AB92AA2965100C858BF /* Assets.xcassets */,
				13449ABE2AA2965100C858BF /* Info.plist */,
				13449AB62AA2965000C858BF /* MagnetStorm.xcdatamodeld */,
			);
			path = Resources;
			sourceTree = "<group>";
		};
		13AA21472AA5C609006DAB56 /* Fonts */ = {
			isa = PBXGroup;
			children = (
				13AA21492AA5C629006DAB56 /* SFUIText-Bold.ttf */,
				13AA214B2AA5C629006DAB56 /* SFUIText-Heavy.ttf */,
				13AA214A2AA5C629006DAB56 /* SFUIText-Light.ttf */,
				13AA214C2AA5C629006DAB56 /* SFUIText-Medium.ttf */,
				13AA21482AA5C629006DAB56 /* SFUIText-Regular.ttf */,
				13AA21522AA5D130006DAB56 /* CustomFonts.swift */,
			);
			path = Fonts;
			sourceTree = "<group>";
		};
		13AA21542AA5D1CF006DAB56 /* Video */ = {
			isa = PBXGroup;
			children = (
				1325298D2AACEF260002CE93 /* background_gif.gif */,
			);
			path = Video;
			sourceTree = "<group>";
		};
		13E3CC9A2AB301C200C14F39 /* Localizable */ = {
			isa = PBXGroup;
			children = (
				13E3CC9B2AB301D600C14F39 /* Extension + String.swift */,
				13CB67CA2AC77275001C6270 /* InfoPlist.strings */,
				13E3CCA12AB302ED00C14F39 /* Localizable.strings */,
			);
			path = Localizable;
			sourceTree = "<group>";
		};
		2DEBA554ACE0125C44F09EB0 /* Frameworks */ = {
			isa = PBXGroup;
			children = (
				9E059D9BEDB1AF6AEA6D035D /* Pods_MagnetStorm.framework */,
				B386282E1553463722EF87A1 /* Pods_MagnetStorm_MagnetStormUITests.framework */,
				D6EFA7D8B6AF4A8E78CBC25D /* Pods_MagnetStormTests.framework */,
			);
			name = Frameworks;
			sourceTree = "<group>";
		};
		7972C42B075CA8B5320539AE /* Pods */ = {
			isa = PBXGroup;
			children = (
				2EF260427245B0423096C949 /* Pods-MagnetStorm.debug.xcconfig */,
				5F19980199D342412AA42408 /* Pods-MagnetStorm.release.xcconfig */,
				8D5408EBFE993C51C86C8BDA /* Pods-MagnetStorm-MagnetStormUITests.debug.xcconfig */,
				F71B4ED253FD970D50C2575B /* Pods-MagnetStorm-MagnetStormUITests.release.xcconfig */,
				81D6D7EED3B736B46BD6D3EC /* Pods-MagnetStormTests.debug.xcconfig */,
				E3181A3746BCDBC62790A2A2 /* Pods-MagnetStormTests.release.xcconfig */,
			);
			path = Pods;
			sourceTree = "<group>";
		};
/* End PBXGroup section */

/* Begin PBXNativeTarget section */
		13449AA92AA2965000C858BF /* MagnetStorm */ = {
			isa = PBXNativeTarget;
			buildConfigurationList = 13449AD72AA2965100C858BF /* Build configuration list for PBXNativeTarget "MagnetStorm" */;
			buildPhases = (
				0CFEA1C8FD0B91F6314DA15B /* [CP] Check Pods Manifest.lock */,
				13449AA62AA2965000C858BF /* Sources */,
				13449AA72AA2965000C858BF /* Frameworks */,
				13449AA82AA2965000C858BF /* Resources */,
				EFA559FC9784D6F50C125D21 /* [CP] Embed Pods Frameworks */,
			);
			buildRules = (
			);
			dependencies = (
			);
			name = MagnetStorm;
			productName = MagnetStorm;
			productReference = 13449AAA2AA2965000C858BF /* MagnetStorm.app */;
			productType = "com.apple.product-type.application";
		};
		13449AC22AA2965100C858BF /* MagnetStormTests */ = {
			isa = PBXNativeTarget;
			buildConfigurationList = 13449ADA2AA2965100C858BF /* Build configuration list for PBXNativeTarget "MagnetStormTests" */;
			buildPhases = (
				7467B21AC193D841EE342B32 /* [CP] Check Pods Manifest.lock */,
				13449ABF2AA2965100C858BF /* Sources */,
				13449AC02AA2965100C858BF /* Frameworks */,
				13449AC12AA2965100C858BF /* Resources */,
			);
			buildRules = (
			);
			dependencies = (
				13449AC52AA2965100C858BF /* PBXTargetDependency */,
			);
			name = MagnetStormTests;
			productName = MagnetStormTests;
			productReference = 13449AC32AA2965100C858BF /* MagnetStormTests.xctest */;
			productType = "com.apple.product-type.bundle.unit-test";
		};
		13449ACC2AA2965100C858BF /* MagnetStormUITests */ = {
			isa = PBXNativeTarget;
			buildConfigurationList = 13449ADD2AA2965100C858BF /* Build configuration list for PBXNativeTarget "MagnetStormUITests" */;
			buildPhases = (
				454A6922D8E105EC66E410C7 /* [CP] Check Pods Manifest.lock */,
				13449AC92AA2965100C858BF /* Sources */,
				13449ACA2AA2965100C858BF /* Frameworks */,
				13449ACB2AA2965100C858BF /* Resources */,
				41C1405A8084B2493566BD95 /* [CP] Embed Pods Frameworks */,
			);
			buildRules = (
			);
			dependencies = (
				13449ACF2AA2965100C858BF /* PBXTargetDependency */,
			);
			name = MagnetStormUITests;
			productName = MagnetStormUITests;
			productReference = 13449ACD2AA2965100C858BF /* MagnetStormUITests.xctest */;
			productType = "com.apple.product-type.bundle.ui-testing";
		};
/* End PBXNativeTarget section */

/* Begin PBXProject section */
		13449AA22AA2965000C858BF /* Project object */ = {
			isa = PBXProject;
			attributes = {
				BuildIndependentTargetsInParallel = 1;
				LastSwiftUpdateCheck = 1430;
				LastUpgradeCheck = 1430;
				TargetAttributes = {
					13449AA92AA2965000C858BF = {
						CreatedOnToolsVersion = 14.3.1;
					};
					13449AC22AA2965100C858BF = {
						CreatedOnToolsVersion = 14.3.1;
						TestTargetID = 13449AA92AA2965000C858BF;
					};
					13449ACC2AA2965100C858BF = {
						CreatedOnToolsVersion = 14.3.1;
						TestTargetID = 13449AA92AA2965000C858BF;
					};
				};
			};
			buildConfigurationList = 13449AA52AA2965000C858BF /* Build configuration list for PBXProject "MagnetStorm" */;
			compatibilityVersion = "Xcode 14.0";
			developmentRegion = en;
			hasScannedForEncodings = 0;
			knownRegions = (
				ru,
				Base,
				en,
				uk,
			);
			mainGroup = 13449AA12AA2965000C858BF;
			packageReferences = (
			);
			productRefGroup = 13449AAB2AA2965000C858BF /* Products */;
			projectDirPath = "";
			projectRoot = "";
			targets = (
				13449AA92AA2965000C858BF /* MagnetStorm */,
				13449AC22AA2965100C858BF /* MagnetStormTests */,
				13449ACC2AA2965100C858BF /* MagnetStormUITests */,
			);
		};
/* End PBXProject section */

/* Begin PBXResourcesBuildPhase section */
		13449AA82AA2965000C858BF /* Resources */ = {
			isa = PBXResourcesBuildPhase;
			buildActionMask = 2147483647;
			files = (
				13AA21512AA5C629006DAB56 /* SFUIText-Medium.ttf in Resources */,
				13AA214F2AA5C629006DAB56 /* SFUIText-Light.ttf in Resources */,
				13AA21502AA5C629006DAB56 /* SFUIText-Heavy.ttf in Resources */,
				13449ABA2AA2965100C858BF /* Assets.xcassets in Resources */,
				13AA214E2AA5C629006DAB56 /* SFUIText-Bold.ttf in Resources */,
				13CB67C82AC77275001C6270 /* InfoPlist.strings in Resources */,
				13E3CC9F2AB302ED00C14F39 /* Localizable.strings in Resources */,
				1325298E2AACEF260002CE93 /* background_gif.gif in Resources */,
				13AA214D2AA5C629006DAB56 /* SFUIText-Regular.ttf in Resources */,
			);
			runOnlyForDeploymentPostprocessing = 0;
		};
		13449AC12AA2965100C858BF /* Resources */ = {
			isa = PBXResourcesBuildPhase;
			buildActionMask = 2147483647;
			files = (
			);
			runOnlyForDeploymentPostprocessing = 0;
		};
		13449ACB2AA2965100C858BF /* Resources */ = {
			isa = PBXResourcesBuildPhase;
			buildActionMask = 2147483647;
			files = (
			);
			runOnlyForDeploymentPostprocessing = 0;
		};
/* End PBXResourcesBuildPhase section */

/* Begin PBXShellScriptBuildPhase section */
		0CFEA1C8FD0B91F6314DA15B /* [CP] Check Pods Manifest.lock */ = {
			isa = PBXShellScriptBuildPhase;
			buildActionMask = 2147483647;
			files = (
			);
			inputFileListPaths = (
			);
			inputPaths = (
				"${PODS_PODFILE_DIR_PATH}/Podfile.lock",
				"${PODS_ROOT}/Manifest.lock",
			);
			name = "[CP] Check Pods Manifest.lock";
			outputFileListPaths = (
			);
			outputPaths = (
				"$(DERIVED_FILE_DIR)/Pods-MagnetStorm-checkManifestLockResult.txt",
			);
			runOnlyForDeploymentPostprocessing = 0;
			shellPath = /bin/sh;
			shellScript = "diff \"${PODS_PODFILE_DIR_PATH}/Podfile.lock\" \"${PODS_ROOT}/Manifest.lock\" > /dev/null\nif [ $? != 0 ] ; then\n    # print error to STDERR\n    echo \"error: The sandbox is not in sync with the Podfile.lock. Run 'pod install' or update your CocoaPods installation.\" >&2\n    exit 1\nfi\n# This output is used by Xcode 'outputs' to avoid re-running this script phase.\necho \"SUCCESS\" > \"${SCRIPT_OUTPUT_FILE_0}\"\n";
			showEnvVarsInLog = 0;
		};
		41C1405A8084B2493566BD95 /* [CP] Embed Pods Frameworks */ = {
			isa = PBXShellScriptBuildPhase;
			buildActionMask = 2147483647;
			files = (
			);
			inputFileListPaths = (
				"${PODS_ROOT}/Target Support Files/Pods-MagnetStorm-MagnetStormUITests/Pods-MagnetStorm-MagnetStormUITests-frameworks-${CONFIGURATION}-input-files.xcfilelist",
			);
			name = "[CP] Embed Pods Frameworks";
			outputFileListPaths = (
				"${PODS_ROOT}/Target Support Files/Pods-MagnetStorm-MagnetStormUITests/Pods-MagnetStorm-MagnetStormUITests-frameworks-${CONFIGURATION}-output-files.xcfilelist",
			);
			runOnlyForDeploymentPostprocessing = 0;
			shellPath = /bin/sh;
			shellScript = "\"${PODS_ROOT}/Target Support Files/Pods-MagnetStorm-MagnetStormUITests/Pods-MagnetStorm-MagnetStormUITests-frameworks.sh\"\n";
			showEnvVarsInLog = 0;
		};
		454A6922D8E105EC66E410C7 /* [CP] Check Pods Manifest.lock */ = {
			isa = PBXShellScriptBuildPhase;
			buildActionMask = 2147483647;
			files = (
			);
			inputFileListPaths = (
			);
			inputPaths = (
				"${PODS_PODFILE_DIR_PATH}/Podfile.lock",
				"${PODS_ROOT}/Manifest.lock",
			);
			name = "[CP] Check Pods Manifest.lock";
			outputFileListPaths = (
			);
			outputPaths = (
				"$(DERIVED_FILE_DIR)/Pods-MagnetStorm-MagnetStormUITests-checkManifestLockResult.txt",
			);
			runOnlyForDeploymentPostprocessing = 0;
			shellPath = /bin/sh;
			shellScript = "diff \"${PODS_PODFILE_DIR_PATH}/Podfile.lock\" \"${PODS_ROOT}/Manifest.lock\" > /dev/null\nif [ $? != 0 ] ; then\n    # print error to STDERR\n    echo \"error: The sandbox is not in sync with the Podfile.lock. Run 'pod install' or update your CocoaPods installation.\" >&2\n    exit 1\nfi\n# This output is used by Xcode 'outputs' to avoid re-running this script phase.\necho \"SUCCESS\" > \"${SCRIPT_OUTPUT_FILE_0}\"\n";
			showEnvVarsInLog = 0;
		};
		7467B21AC193D841EE342B32 /* [CP] Check Pods Manifest.lock */ = {
			isa = PBXShellScriptBuildPhase;
			buildActionMask = 2147483647;
			files = (
			);
			inputFileListPaths = (
			);
			inputPaths = (
				"${PODS_PODFILE_DIR_PATH}/Podfile.lock",
				"${PODS_ROOT}/Manifest.lock",
			);
			name = "[CP] Check Pods Manifest.lock";
			outputFileListPaths = (
			);
			outputPaths = (
				"$(DERIVED_FILE_DIR)/Pods-MagnetStormTests-checkManifestLockResult.txt",
			);
			runOnlyForDeploymentPostprocessing = 0;
			shellPath = /bin/sh;
			shellScript = "diff \"${PODS_PODFILE_DIR_PATH}/Podfile.lock\" \"${PODS_ROOT}/Manifest.lock\" > /dev/null\nif [ $? != 0 ] ; then\n    # print error to STDERR\n    echo \"error: The sandbox is not in sync with the Podfile.lock. Run 'pod install' or update your CocoaPods installation.\" >&2\n    exit 1\nfi\n# This output is used by Xcode 'outputs' to avoid re-running this script phase.\necho \"SUCCESS\" > \"${SCRIPT_OUTPUT_FILE_0}\"\n";
			showEnvVarsInLog = 0;
		};
		EFA559FC9784D6F50C125D21 /* [CP] Embed Pods Frameworks */ = {
			isa = PBXShellScriptBuildPhase;
			buildActionMask = 2147483647;
			files = (
			);
			inputFileListPaths = (
				"${PODS_ROOT}/Target Support Files/Pods-MagnetStorm/Pods-MagnetStorm-frameworks-${CONFIGURATION}-input-files.xcfilelist",
			);
			name = "[CP] Embed Pods Frameworks";
			outputFileListPaths = (
				"${PODS_ROOT}/Target Support Files/Pods-MagnetStorm/Pods-MagnetStorm-frameworks-${CONFIGURATION}-output-files.xcfilelist",
			);
			runOnlyForDeploymentPostprocessing = 0;
			shellPath = /bin/sh;
			shellScript = "\"${PODS_ROOT}/Target Support Files/Pods-MagnetStorm/Pods-MagnetStorm-frameworks.sh\"\n";
			showEnvVarsInLog = 0;
		};
/* End PBXShellScriptBuildPhase section */

/* Begin PBXSourcesBuildPhase section */
		13449AA62AA2965000C858BF /* Sources */ = {
			isa = PBXSourcesBuildPhase;
			buildActionMask = 2147483647;
			files = (
				1326E7882ACA9ABB00504BF8 /* Fetch3DayGeomagneticForecast.swift in Sources */,
				1353372E2AACF9DF001261E5 /* GeomagneticActivityState.swift in Sources */,
				13A09F402AC9ECF8003858A1 /* InfoViewController.swift in Sources */,
				1326E7862ACA35C400504BF8 /* text.swift in Sources */,
				13449AB22AA2965000C858BF /* MainViewController.swift in Sources */,
				13AA21532AA5D130006DAB56 /* CustomFonts.swift in Sources */,
				1326E78A2ACABE3700504BF8 /* Fetch3DayModels.swift in Sources */,
				13E3CC9C2AB301D600C14F39 /* Extension + String.swift in Sources */,
				136211B02AA29EAF005A4AE2 /* MagneticModels.swift in Sources */,
				13449AB82AA2965000C858BF /* MagnetStorm.xcdatamodeld in Sources */,
				13449AAE2AA2965000C858BF /* AppDelegate.swift in Sources */,
				136211AE2AA29A97005A4AE2 /* MagneticManager.swift in Sources */,
				137097402ACA1A9300EE4538 /* InfoTableViewCell.swift in Sources */,
				13449AB02AA2965000C858BF /* SceneDelegate.swift in Sources */,
			);
			runOnlyForDeploymentPostprocessing = 0;
		};
		13449ABF2AA2965100C858BF /* Sources */ = {
			isa = PBXSourcesBuildPhase;
			buildActionMask = 2147483647;
			files = (
				13449AC82AA2965100C858BF /* MagnetStormTests.swift in Sources */,
			);
			runOnlyForDeploymentPostprocessing = 0;
		};
		13449AC92AA2965100C858BF /* Sources */ = {
			isa = PBXSourcesBuildPhase;
			buildActionMask = 2147483647;
			files = (
				13449AD42AA2965100C858BF /* MagnetStormUITestsLaunchTests.swift in Sources */,
				13449AD22AA2965100C858BF /* MagnetStormUITests.swift in Sources */,
			);
			runOnlyForDeploymentPostprocessing = 0;
		};
/* End PBXSourcesBuildPhase section */

/* Begin PBXTargetDependency section */
		13449AC52AA2965100C858BF /* PBXTargetDependency */ = {
			isa = PBXTargetDependency;
			target = 13449AA92AA2965000C858BF /* MagnetStorm */;
			targetProxy = 13449AC42AA2965100C858BF /* PBXContainerItemProxy */;
		};
		13449ACF2AA2965100C858BF /* PBXTargetDependency */ = {
			isa = PBXTargetDependency;
			target = 13449AA92AA2965000C858BF /* MagnetStorm */;
			targetProxy = 13449ACE2AA2965100C858BF /* PBXContainerItemProxy */;
		};
/* End PBXTargetDependency section */

/* Begin PBXVariantGroup section */
		13CB67CA2AC77275001C6270 /* InfoPlist.strings */ = {
			isa = PBXVariantGroup;
			children = (
				13CB67C92AC77275001C6270 /* en */,
				13CB67CB2AC7727B001C6270 /* ru */,
				13CB67CC2AC7727B001C6270 /* uk */,
			);
			name = InfoPlist.strings;
			sourceTree = "<group>";
		};
		13E3CCA12AB302ED00C14F39 /* Localizable.strings */ = {
			isa = PBXVariantGroup;
			children = (
				13E3CCA02AB302ED00C14F39 /* ru */,
				13E3CCA22AB3030C00C14F39 /* en */,
				13E3CCA32AB3031300C14F39 /* uk */,
			);
			name = Localizable.strings;
			sourceTree = "<group>";
		};
/* End PBXVariantGroup section */

/* Begin XCBuildConfiguration section */
		13449AD52AA2965100C858BF /* Debug */ = {
			isa = XCBuildConfiguration;
			buildSettings = {
				ALWAYS_SEARCH_USER_PATHS = NO;
				CLANG_ANALYZER_LOCALIZABILITY_NONLOCALIZED = YES;
				CLANG_ANALYZER_NONNULL = YES;
				CLANG_ANALYZER_NUMBER_OBJECT_CONVERSION = YES_AGGRESSIVE;
				CLANG_CXX_LANGUAGE_STANDARD = "gnu++20";
				CLANG_ENABLE_MODULES = YES;
				CLANG_ENABLE_OBJC_ARC = YES;
				CLANG_ENABLE_OBJC_WEAK = YES;
				CLANG_WARN_BLOCK_CAPTURE_AUTORELEASING = YES;
				CLANG_WARN_BOOL_CONVERSION = YES;
				CLANG_WARN_COMMA = YES;
				CLANG_WARN_CONSTANT_CONVERSION = YES;
				CLANG_WARN_DEPRECATED_OBJC_IMPLEMENTATIONS = YES;
				CLANG_WARN_DIRECT_OBJC_ISA_USAGE = YES_ERROR;
				CLANG_WARN_DOCUMENTATION_COMMENTS = YES;
				CLANG_WARN_EMPTY_BODY = YES;
				CLANG_WARN_ENUM_CONVERSION = YES;
				CLANG_WARN_INFINITE_RECURSION = YES;
				CLANG_WARN_INT_CONVERSION = YES;
				CLANG_WARN_NON_LITERAL_NULL_CONVERSION = YES;
				CLANG_WARN_OBJC_IMPLICIT_RETAIN_SELF = YES;
				CLANG_WARN_OBJC_LITERAL_CONVERSION = YES;
				CLANG_WARN_OBJC_ROOT_CLASS = YES_ERROR;
				CLANG_WARN_QUOTED_INCLUDE_IN_FRAMEWORK_HEADER = YES;
				CLANG_WARN_RANGE_LOOP_ANALYSIS = YES;
				CLANG_WARN_STRICT_PROTOTYPES = YES;
				CLANG_WARN_SUSPICIOUS_MOVE = YES;
				CLANG_WARN_UNGUARDED_AVAILABILITY = YES_AGGRESSIVE;
				CLANG_WARN_UNREACHABLE_CODE = YES;
				CLANG_WARN__DUPLICATE_METHOD_MATCH = YES;
				COPY_PHASE_STRIP = NO;
				DEBUG_INFORMATION_FORMAT = dwarf;
				ENABLE_STRICT_OBJC_MSGSEND = YES;
				ENABLE_TESTABILITY = YES;
				GCC_C_LANGUAGE_STANDARD = gnu11;
				GCC_DYNAMIC_NO_PIC = NO;
				GCC_NO_COMMON_BLOCKS = YES;
				GCC_OPTIMIZATION_LEVEL = 0;
				GCC_PREPROCESSOR_DEFINITIONS = (
					"DEBUG=1",
					"$(inherited)",
				);
				GCC_WARN_64_TO_32_BIT_CONVERSION = YES;
				GCC_WARN_ABOUT_RETURN_TYPE = YES_ERROR;
				GCC_WARN_UNDECLARED_SELECTOR = YES;
				GCC_WARN_UNINITIALIZED_AUTOS = YES_AGGRESSIVE;
				GCC_WARN_UNUSED_FUNCTION = YES;
				GCC_WARN_UNUSED_VARIABLE = YES;
				IPHONEOS_DEPLOYMENT_TARGET = 13.0;
				MTL_ENABLE_DEBUG_INFO = INCLUDE_SOURCE;
				MTL_FAST_MATH = YES;
				ONLY_ACTIVE_ARCH = YES;
				SDKROOT = iphoneos;
				SWIFT_ACTIVE_COMPILATION_CONDITIONS = DEBUG;
				SWIFT_OPTIMIZATION_LEVEL = "-Onone";
			};
			name = Debug;
		};
		13449AD62AA2965100C858BF /* Release */ = {
			isa = XCBuildConfiguration;
			buildSettings = {
				ALWAYS_SEARCH_USER_PATHS = NO;
				CLANG_ANALYZER_LOCALIZABILITY_NONLOCALIZED = YES;
				CLANG_ANALYZER_NONNULL = YES;
				CLANG_ANALYZER_NUMBER_OBJECT_CONVERSION = YES_AGGRESSIVE;
				CLANG_CXX_LANGUAGE_STANDARD = "gnu++20";
				CLANG_ENABLE_MODULES = YES;
				CLANG_ENABLE_OBJC_ARC = YES;
				CLANG_ENABLE_OBJC_WEAK = YES;
				CLANG_WARN_BLOCK_CAPTURE_AUTORELEASING = YES;
				CLANG_WARN_BOOL_CONVERSION = YES;
				CLANG_WARN_COMMA = YES;
				CLANG_WARN_CONSTANT_CONVERSION = YES;
				CLANG_WARN_DEPRECATED_OBJC_IMPLEMENTATIONS = YES;
				CLANG_WARN_DIRECT_OBJC_ISA_USAGE = YES_ERROR;
				CLANG_WARN_DOCUMENTATION_COMMENTS = YES;
				CLANG_WARN_EMPTY_BODY = YES;
				CLANG_WARN_ENUM_CONVERSION = YES;
				CLANG_WARN_INFINITE_RECURSION = YES;
				CLANG_WARN_INT_CONVERSION = YES;
				CLANG_WARN_NON_LITERAL_NULL_CONVERSION = YES;
				CLANG_WARN_OBJC_IMPLICIT_RETAIN_SELF = YES;
				CLANG_WARN_OBJC_LITERAL_CONVERSION = YES;
				CLANG_WARN_OBJC_ROOT_CLASS = YES_ERROR;
				CLANG_WARN_QUOTED_INCLUDE_IN_FRAMEWORK_HEADER = YES;
				CLANG_WARN_RANGE_LOOP_ANALYSIS = YES;
				CLANG_WARN_STRICT_PROTOTYPES = YES;
				CLANG_WARN_SUSPICIOUS_MOVE = YES;
				CLANG_WARN_UNGUARDED_AVAILABILITY = YES_AGGRESSIVE;
				CLANG_WARN_UNREACHABLE_CODE = YES;
				CLANG_WARN__DUPLICATE_METHOD_MATCH = YES;
				COPY_PHASE_STRIP = NO;
				DEBUG_INFORMATION_FORMAT = "dwarf-with-dsym";
				ENABLE_NS_ASSERTIONS = NO;
				ENABLE_STRICT_OBJC_MSGSEND = YES;
				GCC_C_LANGUAGE_STANDARD = gnu11;
				GCC_NO_COMMON_BLOCKS = YES;
				GCC_WARN_64_TO_32_BIT_CONVERSION = YES;
				GCC_WARN_ABOUT_RETURN_TYPE = YES_ERROR;
				GCC_WARN_UNDECLARED_SELECTOR = YES;
				GCC_WARN_UNINITIALIZED_AUTOS = YES_AGGRESSIVE;
				GCC_WARN_UNUSED_FUNCTION = YES;
				GCC_WARN_UNUSED_VARIABLE = YES;
				IPHONEOS_DEPLOYMENT_TARGET = 13.0;
				MTL_ENABLE_DEBUG_INFO = NO;
				MTL_FAST_MATH = YES;
				SDKROOT = iphoneos;
				SWIFT_COMPILATION_MODE = wholemodule;
				SWIFT_OPTIMIZATION_LEVEL = "-O";
				VALIDATE_PRODUCT = YES;
			};
			name = Release;
		};
		13449AD82AA2965100C858BF /* Debug */ = {
			isa = XCBuildConfiguration;
			baseConfigurationReference = 2EF260427245B0423096C949 /* Pods-MagnetStorm.debug.xcconfig */;
			buildSettings = {
				ASSETCATALOG_COMPILER_APPICON_NAME = AppIcon;
				ASSETCATALOG_COMPILER_GLOBAL_ACCENT_COLOR_NAME = AccentColor;
				CODE_SIGN_IDENTITY = "Apple Development";
				CODE_SIGN_STYLE = Automatic;
				CURRENT_PROJECT_VERSION = 1;
				DEVELOPMENT_TEAM = 5F8NF33WRR;
				GENERATE_INFOPLIST_FILE = YES;
				INFOPLIST_FILE = MagnetStorm/Resources/Info.plist;
				INFOPLIST_KEY_CFBundleDisplayName = MagnetStorm;
				INFOPLIST_KEY_LSApplicationCategoryType = "public.app-category.weather";
				INFOPLIST_KEY_NSLocationWhenInUseUsageDescription = "To determine your current location and provide information about magnetic storms in your region, please allow the app to use your location.";
				INFOPLIST_KEY_UIApplicationSupportsIndirectInputEvents = YES;
				INFOPLIST_KEY_UILaunchStoryboardName = LaunchScreen;
				INFOPLIST_KEY_UIMainStoryboardFile = "";
				INFOPLIST_KEY_UISupportedInterfaceOrientations = UIInterfaceOrientationPortrait;
				IPHONEOS_DEPLOYMENT_TARGET = 13.0;
				LD_RUNPATH_SEARCH_PATHS = (
					"$(inherited)",
					"@executable_path/Frameworks",
				);
				MARKETING_VERSION = 1.0;
				PRODUCT_BUNDLE_IDENTIFIER = code.MagnetStorm;
				PRODUCT_NAME = "$(TARGET_NAME)";
				PROVISIONING_PROFILE_SPECIFIER = "";
				SUPPORTED_PLATFORMS = "iphoneos iphonesimulator";
				SUPPORTS_MACCATALYST = NO;
				SUPPORTS_MAC_DESIGNED_FOR_IPHONE_IPAD = NO;
				SWIFT_EMIT_LOC_STRINGS = YES;
				SWIFT_VERSION = 5.0;
				TARGETED_DEVICE_FAMILY = 1;
			};
			name = Debug;
		};
		13449AD92AA2965100C858BF /* Release */ = {
			isa = XCBuildConfiguration;
			baseConfigurationReference = 5F19980199D342412AA42408 /* Pods-MagnetStorm.release.xcconfig */;
			buildSettings = {
				ASSETCATALOG_COMPILER_APPICON_NAME = AppIcon;
				ASSETCATALOG_COMPILER_GLOBAL_ACCENT_COLOR_NAME = AccentColor;
				CODE_SIGN_IDENTITY = "Apple Development";
				CODE_SIGN_STYLE = Automatic;
				CURRENT_PROJECT_VERSION = 1;
				DEVELOPMENT_TEAM = 5F8NF33WRR;
				GENERATE_INFOPLIST_FILE = YES;
				INFOPLIST_FILE = MagnetStorm/Resources/Info.plist;
				INFOPLIST_KEY_CFBundleDisplayName = MagnetStorm;
				INFOPLIST_KEY_LSApplicationCategoryType = "public.app-category.weather";
				INFOPLIST_KEY_NSLocationWhenInUseUsageDescription = "To determine your current location and provide information about magnetic storms in your region, please allow the app to use your location.";
				INFOPLIST_KEY_UIApplicationSupportsIndirectInputEvents = YES;
				INFOPLIST_KEY_UILaunchStoryboardName = LaunchScreen;
				INFOPLIST_KEY_UIMainStoryboardFile = "";
				INFOPLIST_KEY_UISupportedInterfaceOrientations = UIInterfaceOrientationPortrait;
				IPHONEOS_DEPLOYMENT_TARGET = 13.0;
				LD_RUNPATH_SEARCH_PATHS = (
					"$(inherited)",
					"@executable_path/Frameworks",
				);
				MARKETING_VERSION = 1.0;
				PRODUCT_BUNDLE_IDENTIFIER = code.MagnetStorm;
				PRODUCT_NAME = "$(TARGET_NAME)";
				PROVISIONING_PROFILE_SPECIFIER = "";
				SUPPORTED_PLATFORMS = "iphoneos iphonesimulator";
				SUPPORTS_MACCATALYST = NO;
				SUPPORTS_MAC_DESIGNED_FOR_IPHONE_IPAD = NO;
				SWIFT_EMIT_LOC_STRINGS = YES;
				SWIFT_VERSION = 5.0;
				TARGETED_DEVICE_FAMILY = 1;
			};
			name = Release;
		};
		13449ADB2AA2965100C858BF /* Debug */ = {
			isa = XCBuildConfiguration;
			baseConfigurationReference = 81D6D7EED3B736B46BD6D3EC /* Pods-MagnetStormTests.debug.xcconfig */;
			buildSettings = {
				ALWAYS_EMBED_SWIFT_STANDARD_LIBRARIES = YES;
				BUNDLE_LOADER = "$(TEST_HOST)";
				CODE_SIGN_STYLE = Automatic;
				CURRENT_PROJECT_VERSION = 1;
				GENERATE_INFOPLIST_FILE = YES;
				IPHONEOS_DEPLOYMENT_TARGET = 16.4;
				MARKETING_VERSION = 1.0;
				PRODUCT_BUNDLE_IDENTIFIER = code.MagnetStormTests;
				PRODUCT_NAME = "$(TARGET_NAME)";
				SWIFT_EMIT_LOC_STRINGS = NO;
				SWIFT_VERSION = 5.0;
				TARGETED_DEVICE_FAMILY = "1,2";
				TEST_HOST = "$(BUILT_PRODUCTS_DIR)/MagnetStorm.app/$(BUNDLE_EXECUTABLE_FOLDER_PATH)/MagnetStorm";
			};
			name = Debug;
		};
		13449ADC2AA2965100C858BF /* Release */ = {
			isa = XCBuildConfiguration;
			baseConfigurationReference = E3181A3746BCDBC62790A2A2 /* Pods-MagnetStormTests.release.xcconfig */;
			buildSettings = {
				ALWAYS_EMBED_SWIFT_STANDARD_LIBRARIES = YES;
				BUNDLE_LOADER = "$(TEST_HOST)";
				CODE_SIGN_STYLE = Automatic;
				CURRENT_PROJECT_VERSION = 1;
				GENERATE_INFOPLIST_FILE = YES;
				IPHONEOS_DEPLOYMENT_TARGET = 16.4;
				MARKETING_VERSION = 1.0;
				PRODUCT_BUNDLE_IDENTIFIER = code.MagnetStormTests;
				PRODUCT_NAME = "$(TARGET_NAME)";
				SWIFT_EMIT_LOC_STRINGS = NO;
				SWIFT_VERSION = 5.0;
				TARGETED_DEVICE_FAMILY = "1,2";
				TEST_HOST = "$(BUILT_PRODUCTS_DIR)/MagnetStorm.app/$(BUNDLE_EXECUTABLE_FOLDER_PATH)/MagnetStorm";
			};
			name = Release;
		};
		13449ADE2AA2965100C858BF /* Debug */ = {
			isa = XCBuildConfiguration;
			baseConfigurationReference = 8D5408EBFE993C51C86C8BDA /* Pods-MagnetStorm-MagnetStormUITests.debug.xcconfig */;
			buildSettings = {
				ALWAYS_EMBED_SWIFT_STANDARD_LIBRARIES = YES;
				CODE_SIGN_STYLE = Automatic;
				CURRENT_PROJECT_VERSION = 1;
				GENERATE_INFOPLIST_FILE = YES;
				MARKETING_VERSION = 1.0;
				PRODUCT_BUNDLE_IDENTIFIER = code.MagnetStormUITests;
				PRODUCT_NAME = "$(TARGET_NAME)";
				SWIFT_EMIT_LOC_STRINGS = NO;
				SWIFT_VERSION = 5.0;
				TARGETED_DEVICE_FAMILY = "1,2";
				TEST_TARGET_NAME = MagnetStorm;
			};
			name = Debug;
		};
		13449ADF2AA2965100C858BF /* Release */ = {
			isa = XCBuildConfiguration;
			baseConfigurationReference = F71B4ED253FD970D50C2575B /* Pods-MagnetStorm-MagnetStormUITests.release.xcconfig */;
			buildSettings = {
				ALWAYS_EMBED_SWIFT_STANDARD_LIBRARIES = YES;
				CODE_SIGN_STYLE = Automatic;
				CURRENT_PROJECT_VERSION = 1;
				GENERATE_INFOPLIST_FILE = YES;
				MARKETING_VERSION = 1.0;
				PRODUCT_BUNDLE_IDENTIFIER = code.MagnetStormUITests;
				PRODUCT_NAME = "$(TARGET_NAME)";
				SWIFT_EMIT_LOC_STRINGS = NO;
				SWIFT_VERSION = 5.0;
				TARGETED_DEVICE_FAMILY = "1,2";
				TEST_TARGET_NAME = MagnetStorm;
			};
			name = Release;
		};
/* End XCBuildConfiguration section */

/* Begin XCConfigurationList section */
		13449AA52AA2965000C858BF /* Build configuration list for PBXProject "MagnetStorm" */ = {
			isa = XCConfigurationList;
			buildConfigurations = (
				13449AD52AA2965100C858BF /* Debug */,
				13449AD62AA2965100C858BF /* Release */,
			);
			defaultConfigurationIsVisible = 0;
			defaultConfigurationName = Release;
		};
		13449AD72AA2965100C858BF /* Build configuration list for PBXNativeTarget "MagnetStorm" */ = {
			isa = XCConfigurationList;
			buildConfigurations = (
				13449AD82AA2965100C858BF /* Debug */,
				13449AD92AA2965100C858BF /* Release */,
			);
			defaultConfigurationIsVisible = 0;
			defaultConfigurationName = Release;
		};
		13449ADA2AA2965100C858BF /* Build configuration list for PBXNativeTarget "MagnetStormTests" */ = {
			isa = XCConfigurationList;
			buildConfigurations = (
				13449ADB2AA2965100C858BF /* Debug */,
				13449ADC2AA2965100C858BF /* Release */,
			);
			defaultConfigurationIsVisible = 0;
			defaultConfigurationName = Release;
		};
		13449ADD2AA2965100C858BF /* Build configuration list for PBXNativeTarget "MagnetStormUITests" */ = {
			isa = XCConfigurationList;
			buildConfigurations = (
				13449ADE2AA2965100C858BF /* Debug */,
				13449ADF2AA2965100C858BF /* Release */,
			);
			defaultConfigurationIsVisible = 0;
			defaultConfigurationName = Release;
		};
/* End XCConfigurationList section */

/* Begin XCVersionGroup section */
		13449AB62AA2965000C858BF /* MagnetStorm.xcdatamodeld */ = {
			isa = XCVersionGroup;
			children = (
				13449AB72AA2965000C858BF /* MagnetStorm.xcdatamodel */,
			);
			currentVersion = 13449AB72AA2965000C858BF /* MagnetStorm.xcdatamodel */;
			path = MagnetStorm.xcdatamodeld;
			sourceTree = "<group>";
			versionGroupType = wrapper.xcdatamodel;
		};
/* End XCVersionGroup section */
	};
	rootObject = 13449AA22AA2965000C858BF /* Project object */;
}
